// !$*UTF8*$!
{
	archiveVersion = 1;
	classes = {
	};
	objectVersion = 56;
	objects = {

/* Begin PBXBuildFile section */
		68018D542A9FCD6600BB2BD0 /* Sec19_Json_URLSessionApp.swift in Sources */ = {isa = PBXBuildFile; fileRef = 68018D532A9FCD6600BB2BD0 /* Sec19_Json_URLSessionApp.swift */; };
		68018D562A9FCD6600BB2BD0 /* ContentView.swift in Sources */ = {isa = PBXBuildFile; fileRef = 68018D552A9FCD6600BB2BD0 /* ContentView.swift */; };
		68018D582A9FCD6700BB2BD0 /* Assets.xcassets in Resources */ = {isa = PBXBuildFile; fileRef = 68018D572A9FCD6700BB2BD0 /* Assets.xcassets */; };
		68018D5B2A9FCD6700BB2BD0 /* Preview Assets.xcassets in Resources */ = {isa = PBXBuildFile; fileRef = 68018D5A2A9FCD6700BB2BD0 /* Preview Assets.xcassets */; };
		68018D652A9FD3BA00BB2BD0 /* PostModel.swift in Sources */ = {isa = PBXBuildFile; fileRef = 68018D642A9FD3BA00BB2BD0 /* PostModel.swift */; };
		68018D672A9FD4D600BB2BD0 /* PostViewModel.swift in Sources */ = {isa = PBXBuildFile; fileRef = 68018D662A9FD4D600BB2BD0 /* PostViewModel.swift */; };
		68018D692A9FDA6B00BB2BD0 /* Login.swift in Sources */ = {isa = PBXBuildFile; fileRef = 68018D682A9FDA6A00BB2BD0 /* Login.swift */; };
		68018D6B2A9FDA7C00BB2BD0 /* Home.swift in Sources */ = {isa = PBXBuildFile; fileRef = 68018D6A2A9FDA7C00BB2BD0 /* Home.swift */; };
		68953E402A9FF8CA00EA581A /* Modelo1.swift in Sources */ = {isa = PBXBuildFile; fileRef = 68953E3F2A9FF8CA00EA581A /* Modelo1.swift */; };
		68953E422A9FF93000EA581A /* Modelo1ViewModel.swift in Sources */ = {isa = PBXBuildFile; fileRef = 68953E412A9FF93000EA581A /* Modelo1ViewModel.swift */; };
/* End PBXBuildFile section */

/* Begin PBXFileReference section */
		68018D502A9FCD6600BB2BD0 /* Sec19-Json-URLSession.app */ = {isa = PBXFileReference; explicitFileType = wrapper.application; includeInIndex = 0; path = "Sec19-Json-URLSession.app"; sourceTree = BUILT_PRODUCTS_DIR; };
		68018D532A9FCD6600BB2BD0 /* Sec19_Json_URLSessionApp.swift */ = {isa = PBXFileReference; lastKnownFileType = sourcecode.swift; path = Sec19_Json_URLSessionApp.swift; sourceTree = "<group>"; };
		68018D552A9FCD6600BB2BD0 /* ContentView.swift */ = {isa = PBXFileReference; lastKnownFileType = sourcecode.swift; path = ContentView.swift; sourceTree = "<group>"; };
		68018D572A9FCD6700BB2BD0 /* Assets.xcassets */ = {isa = PBXFileReference; lastKnownFileType = folder.assetcatalog; path = Assets.xcassets; sourceTree = "<group>"; };
		68018D5A2A9FCD6700BB2BD0 /* Preview Assets.xcassets */ = {isa = PBXFileReference; lastKnownFileType = folder.assetcatalog; path = "Preview Assets.xcassets"; sourceTree = "<group>"; };
		68018D642A9FD3BA00BB2BD0 /* PostModel.swift */ = {isa = PBXFileReference; lastKnownFileType = sourcecode.swift; path = PostModel.swift; sourceTree = "<group>"; };
		68018D662A9FD4D600BB2BD0 /* PostViewModel.swift */ = {isa = PBXFileReference; lastKnownFileType = sourcecode.swift; path = PostViewModel.swift; sourceTree = "<group>"; };
		68018D682A9FDA6A00BB2BD0 /* Login.swift */ = {isa = PBXFileReference; lastKnownFileType = sourcecode.swift; path = Login.swift; sourceTree = "<group>"; };
		68018D6A2A9FDA7C00BB2BD0 /* Home.swift */ = {isa = PBXFileReference; lastKnownFileType = sourcecode.swift; path = Home.swift; sourceTree = "<group>"; };
		68953E3F2A9FF8CA00EA581A /* Modelo1.swift */ = {isa = PBXFileReference; lastKnownFileType = sourcecode.swift; path = Modelo1.swift; sourceTree = "<group>"; };
		68953E412A9FF93000EA581A /* Modelo1ViewModel.swift */ = {isa = PBXFileReference; lastKnownFileType = sourcecode.swift; path = Modelo1ViewModel.swift; sourceTree = "<group>"; };
/* End PBXFileReference section */

/* Begin PBXFrameworksBuildPhase section */
		68018D4D2A9FCD6600BB2BD0 /* Frameworks */ = {
			isa = PBXFrameworksBuildPhase;
			buildActionMask = 2147483647;
			files = (
			);
			runOnlyForDeploymentPostprocessing = 0;
		};
/* End PBXFrameworksBuildPhase section */

/* Begin PBXGroup section */
		68018D472A9FCD6600BB2BD0 = {
			isa = PBXGroup;
			children = (
				68018D522A9FCD6600BB2BD0 /* Sec19-Json-URLSession */,
				68018D512A9FCD6600BB2BD0 /* Products */,
			);
			sourceTree = "<group>";
		};
		68018D512A9FCD6600BB2BD0 /* Products */ = {
			isa = PBXGroup;
			children = (
				68018D502A9FCD6600BB2BD0 /* Sec19-Json-URLSession.app */,
			);
			name = Products;
			sourceTree = "<group>";
		};
		68018D522A9FCD6600BB2BD0 /* Sec19-Json-URLSession */ = {
			isa = PBXGroup;
			children = (
				68018D632A9FCEB700BB2BD0 /* ViewModel */,
				68018D622A9FCEB100BB2BD0 /* Model */,
				68018D612A9FCEAC00BB2BD0 /* View */,
				68018D532A9FCD6600BB2BD0 /* Sec19_Json_URLSessionApp.swift */,
				68018D552A9FCD6600BB2BD0 /* ContentView.swift */,
				68018D572A9FCD6700BB2BD0 /* Assets.xcassets */,
				68018D592A9FCD6700BB2BD0 /* Preview Content */,
			);
			path = "Sec19-Json-URLSession";
			sourceTree = "<group>";
		};
		68018D592A9FCD6700BB2BD0 /* Preview Content */ = {
			isa = PBXGroup;
			children = (
				68018D5A2A9FCD6700BB2BD0 /* Preview Assets.xcassets */,
			);
			path = "Preview Content";
			sourceTree = "<group>";
		};
		68018D612A9FCEAC00BB2BD0 /* View */ = {
			isa = PBXGroup;
			children = (
				68018D682A9FDA6A00BB2BD0 /* Login.swift */,
				68018D6A2A9FDA7C00BB2BD0 /* Home.swift */,
			);
			path = View;
			sourceTree = "<group>";
		};
		68018D622A9FCEB100BB2BD0 /* Model */ = {
			isa = PBXGroup;
			children = (
				68018D642A9FD3BA00BB2BD0 /* PostModel.swift */,
				68953E3F2A9FF8CA00EA581A /* Modelo1.swift */,
			);
			path = Model;
			sourceTree = "<group>";
		};
		68018D632A9FCEB700BB2BD0 /* ViewModel */ = {
			isa = PBXGroup;
			children = (
				68018D662A9FD4D600BB2BD0 /* PostViewModel.swift */,
				68953E412A9FF93000EA581A /* Modelo1ViewModel.swift */,
			);
			path = ViewModel;
			sourceTree = "<group>";
		};
/* End PBXGroup section */

/* Begin PBXNativeTarget section */
		68018D4F2A9FCD6600BB2BD0 /* Sec19-Json-URLSession */ = {
			isa = PBXNativeTarget;
			buildConfigurationList = 68018D5E2A9FCD6700BB2BD0 /* Build configuration list for PBXNativeTarget "Sec19-Json-URLSession" */;
			buildPhases = (
				68018D4C2A9FCD6600BB2BD0 /* Sources */,
				68018D4D2A9FCD6600BB2BD0 /* Frameworks */,
				68018D4E2A9FCD6600BB2BD0 /* Resources */,
			);
			buildRules = (
			);
			dependencies = (
			);
			name = "Sec19-Json-URLSession";
			productName = "Sec19-Json-URLSession";
			productReference = 68018D502A9FCD6600BB2BD0 /* Sec19-Json-URLSession.app */;
			productType = "com.apple.product-type.application";
		};
/* End PBXNativeTarget section */

/* Begin PBXProject section */
		68018D482A9FCD6600BB2BD0 /* Project object */ = {
			isa = PBXProject;
			attributes = {
				BuildIndependentTargetsInParallel = 1;
				LastSwiftUpdateCheck = 1420;
				LastUpgradeCheck = 1420;
				TargetAttributes = {
					68018D4F2A9FCD6600BB2BD0 = {
						CreatedOnToolsVersion = 14.2;
					};
				};
			};
			buildConfigurationList = 68018D4B2A9FCD6600BB2BD0 /* Build configuration list for PBXProject "Sec19-Json-URLSession" */;
			compatibilityVersion = "Xcode 14.0";
			developmentRegion = en;
			hasScannedForEncodings = 0;
			knownRegions = (
				en,
				Base,
			);
			mainGroup = 68018D472A9FCD6600BB2BD0;
			productRefGroup = 68018D512A9FCD6600BB2BD0 /* Products */;
			projectDirPath = "";
			projectRoot = "";
			targets = (
				68018D4F2A9FCD6600BB2BD0 /* Sec19-Json-URLSession */,
			);
		};
/* End PBXProject section */

/* Begin PBXResourcesBuildPhase section */
		68018D4E2A9FCD6600BB2BD0 /* Resources */ = {
			isa = PBXResourcesBuildPhase;
			buildActionMask = 2147483647;
			files = (
				68018D5B2A9FCD6700BB2BD0 /* Preview Assets.xcassets in Resources */,
				68018D582A9FCD6700BB2BD0 /* Assets.xcassets in Resources */,
			);
			runOnlyForDeploymentPostprocessing = 0;
		};
/* End PBXResourcesBuildPhase section */

/* Begin PBXSourcesBuildPhase section */
		68018D4C2A9FCD6600BB2BD0 /* Sources */ = {
			isa = PBXSourcesBuildPhase;
			buildActionMask = 2147483647;
			files = (
				68018D672A9FD4D600BB2BD0 /* PostViewModel.swift in Sources */,
				68018D692A9FDA6B00BB2BD0 /* Login.swift in Sources */,
				68018D562A9FCD6600BB2BD0 /* ContentView.swift in Sources */,
				68018D652A9FD3BA00BB2BD0 /* PostModel.swift in Sources */,
				68953E402A9FF8CA00EA581A /* Modelo1.swift in Sources */,
				68018D6B2A9FDA7C00BB2BD0 /* Home.swift in Sources */,
				68953E422A9FF93000EA581A /* Modelo1ViewModel.swift in Sources */,
				68018D542A9FCD6600BB2BD0 /* Sec19_Json_URLSessionApp.swift in Sources */,
			);
			runOnlyForDeploymentPostprocessing = 0;
		};
/* End PBXSourcesBuildPhase section */

/* Begin XCBuildConfiguration section */
		68018D5C2A9FCD6700BB2BD0 /* Debug */ = {
			isa = XCBuildConfiguration;
			buildSettings = {
				ALWAYS_SEARCH_USER_PATHS = NO;
				CLANG_ANALYZER_NONNULL = YES;
				CLANG_ANALYZER_NUMBER_OBJECT_CONVERSION = YES_AGGRESSIVE;
				CLANG_CXX_LANGUAGE_STANDARD = "gnu++20";
				CLANG_ENABLE_MODULES = YES;
				CLANG_ENABLE_OBJC_ARC = YES;
				CLANG_ENABLE_OBJC_WEAK = YES;
				CLANG_WARN_BLOCK_CAPTURE_AUTORELEASING = YES;
				CLANG_WARN_BOOL_CONVERSION = YES;
				CLANG_WARN_COMMA = YES;
				CLANG_WARN_CONSTANT_CONVERSION = YES;
				CLANG_WARN_DEPRECATED_OBJC_IMPLEMENTATIONS = YES;
				CLANG_WARN_DIRECT_OBJC_ISA_USAGE = YES_ERROR;
				CLANG_WARN_DOCUMENTATION_COMMENTS = YES;
				CLANG_WARN_EMPTY_BODY = YES;
				CLANG_WARN_ENUM_CONVERSION = YES;
				CLANG_WARN_INFINITE_RECURSION = YES;
				CLANG_WARN_INT_CONVERSION = YES;
				CLANG_WARN_NON_LITERAL_NULL_CONVERSION = YES;
				CLANG_WARN_OBJC_IMPLICIT_RETAIN_SELF = YES;
				CLANG_WARN_OBJC_LITERAL_CONVERSION = YES;
				CLANG_WARN_OBJC_ROOT_CLASS = YES_ERROR;
				CLANG_WARN_QUOTED_INCLUDE_IN_FRAMEWORK_HEADER = YES;
				CLANG_WARN_RANGE_LOOP_ANALYSIS = YES;
				CLANG_WARN_STRICT_PROTOTYPES = YES;
				CLANG_WARN_SUSPICIOUS_MOVE = YES;
				CLANG_WARN_UNGUARDED_AVAILABILITY = YES_AGGRESSIVE;
				CLANG_WARN_UNREACHABLE_CODE = YES;
				CLANG_WARN__DUPLICATE_METHOD_MATCH = YES;
				COPY_PHASE_STRIP = NO;
				DEBUG_INFORMATION_FORMAT = dwarf;
				ENABLE_STRICT_OBJC_MSGSEND = YES;
				ENABLE_TESTABILITY = YES;
				GCC_C_LANGUAGE_STANDARD = gnu11;
				GCC_DYNAMIC_NO_PIC = NO;
				GCC_NO_COMMON_BLOCKS = YES;
				GCC_OPTIMIZATION_LEVEL = 0;
				GCC_PREPROCESSOR_DEFINITIONS = (
					"DEBUG=1",
					"$(inherited)",
				);
				GCC_WARN_64_TO_32_BIT_CONVERSION = YES;
				GCC_WARN_ABOUT_RETURN_TYPE = YES_ERROR;
				GCC_WARN_UNDECLARED_SELECTOR = YES;
				GCC_WARN_UNINITIALIZED_AUTOS = YES_AGGRESSIVE;
				GCC_WARN_UNUSED_FUNCTION = YES;
				GCC_WARN_UNUSED_VARIABLE = YES;
				IPHONEOS_DEPLOYMENT_TARGET = 16.2;
				MTL_ENABLE_DEBUG_INFO = INCLUDE_SOURCE;
				MTL_FAST_MATH = YES;
				ONLY_ACTIVE_ARCH = YES;
				SDKROOT = iphoneos;
				SWIFT_ACTIVE_COMPILATION_CONDITIONS = DEBUG;
				SWIFT_OPTIMIZATION_LEVEL = "-Onone";
			};
			name = Debug;
		};
		68018D5D2A9FCD6700BB2BD0 /* Release */ = {
			isa = XCBuildConfiguration;
			buildSettings = {
				ALWAYS_SEARCH_USER_PATHS = NO;
				CLANG_ANALYZER_NONNULL = YES;
				CLANG_ANALYZER_NUMBER_OBJECT_CONVERSION = YES_AGGRESSIVE;
				CLANG_CXX_LANGUAGE_STANDARD = "gnu++20";
				CLANG_ENABLE_MODULES = YES;
				CLANG_ENABLE_OBJC_ARC = YES;
				CLANG_ENABLE_OBJC_WEAK = YES;
				CLANG_WARN_BLOCK_CAPTURE_AUTORELEASING = YES;
				CLANG_WARN_BOOL_CONVERSION = YES;
				CLANG_WARN_COMMA = YES;
				CLANG_WARN_CONSTANT_CONVERSION = YES;
				CLANG_WARN_DEPRECATED_OBJC_IMPLEMENTATIONS = YES;
				CLANG_WARN_DIRECT_OBJC_ISA_USAGE = YES_ERROR;
				CLANG_WARN_DOCUMENTATION_COMMENTS = YES;
				CLANG_WARN_EMPTY_BODY = YES;
				CLANG_WARN_ENUM_CONVERSION = YES;
				CLANG_WARN_INFINITE_RECURSION = YES;
				CLANG_WARN_INT_CONVERSION = YES;
				CLANG_WARN_NON_LITERAL_NULL_CONVERSION = YES;
				CLANG_WARN_OBJC_IMPLICIT_RETAIN_SELF = YES;
				CLANG_WARN_OBJC_LITERAL_CONVERSION = YES;
				CLANG_WARN_OBJC_ROOT_CLASS = YES_ERROR;
				CLANG_WARN_QUOTED_INCLUDE_IN_FRAMEWORK_HEADER = YES;
				CLANG_WARN_RANGE_LOOP_ANALYSIS = YES;
				CLANG_WARN_STRICT_PROTOTYPES = YES;
				CLANG_WARN_SUSPICIOUS_MOVE = YES;
				CLANG_WARN_UNGUARDED_AVAILABILITY = YES_AGGRESSIVE;
				CLANG_WARN_UNREACHABLE_CODE = YES;
				CLANG_WARN__DUPLICATE_METHOD_MATCH = YES;
				COPY_PHASE_STRIP = NO;
				DEBUG_INFORMATION_FORMAT = "dwarf-with-dsym";
				ENABLE_NS_ASSERTIONS = NO;
				ENABLE_STRICT_OBJC_MSGSEND = YES;
				GCC_C_LANGUAGE_STANDARD = gnu11;
				GCC_NO_COMMON_BLOCKS = YES;
				GCC_WARN_64_TO_32_BIT_CONVERSION = YES;
				GCC_WARN_ABOUT_RETURN_TYPE = YES_ERROR;
				GCC_WARN_UNDECLARED_SELECTOR = YES;
				GCC_WARN_UNINITIALIZED_AUTOS = YES_AGGRESSIVE;
				GCC_WARN_UNUSED_FUNCTION = YES;
				GCC_WARN_UNUSED_VARIABLE = YES;
				IPHONEOS_DEPLOYMENT_TARGET = 16.2;
				MTL_ENABLE_DEBUG_INFO = NO;
				MTL_FAST_MATH = YES;
				SDKROOT = iphoneos;
				SWIFT_COMPILATION_MODE = wholemodule;
				SWIFT_OPTIMIZATION_LEVEL = "-O";
				VALIDATE_PRODUCT = YES;
			};
			name = Release;
		};
		68018D5F2A9FCD6700BB2BD0 /* Debug */ = {
			isa = XCBuildConfiguration;
			buildSettings = {
				ASSETCATALOG_COMPILER_APPICON_NAME = AppIcon;
				ASSETCATALOG_COMPILER_GLOBAL_ACCENT_COLOR_NAME = AccentColor;
				CODE_SIGN_STYLE = Automatic;
				CURRENT_PROJECT_VERSION = 1;
				DEVELOPMENT_ASSET_PATHS = "\"Sec19-Json-URLSession/Preview Content\"";
				ENABLE_PREVIEWS = YES;
				GENERATE_INFOPLIST_FILE = YES;
				INFOPLIST_KEY_UIApplicationSceneManifest_Generation = YES;
				INFOPLIST_KEY_UIApplicationSupportsIndirectInputEvents = YES;
				INFOPLIST_KEY_UILaunchScreen_Generation = YES;
				INFOPLIST_KEY_UISupportedInterfaceOrientations_iPad = "UIInterfaceOrientationPortrait UIInterfaceOrientationPortraitUpsideDown UIInterfaceOrientationLandscapeLeft UIInterfaceOrientationLandscapeRight";
				INFOPLIST_KEY_UISupportedInterfaceOrientations_iPhone = "UIInterfaceOrientationPortrait UIInterfaceOrientationLandscapeLeft UIInterfaceOrientationLandscapeRight";
				LD_RUNPATH_SEARCH_PATHS = (
					"$(inherited)",
					"@executable_path/Frameworks",
				);
				MARKETING_VERSION = 1.0;
				PRODUCT_BUNDLE_IDENTIFIER = "cl.nelsontapia.Sec19-Json-URLSession";
				PRODUCT_NAME = "$(TARGET_NAME)";
				SWIFT_EMIT_LOC_STRINGS = YES;
				SWIFT_VERSION = 5.0;
				TARGETED_DEVICE_FAMILY = "1,2";
			};
			name = Debug;
		};
		68018D602A9FCD6700BB2BD0 /* Release */ = {
			isa = XCBuildConfiguration;
			buildSettings = {
				ASSETCATALOG_COMPILER_APPICON_NAME = AppIcon;
				ASSETCATALOG_COMPILER_GLOBAL_ACCENT_COLOR_NAME = AccentColor;
				CODE_SIGN_STYLE = Automatic;
				CURRENT_PROJECT_VERSION = 1;
				DEVELOPMENT_ASSET_PATHS = "\"Sec19-Json-URLSession/Preview Content\"";
				ENABLE_PREVIEWS = YES;
				GENERATE_INFOPLIST_FILE = YES;
				INFOPLIST_KEY_UIApplicationSceneManifest_Generation = YES;
				INFOPLIST_KEY_UIApplicationSupportsIndirectInputEvents = YES;
				INFOPLIST_KEY_UILaunchScreen_Generation = YES;
				INFOPLIST_KEY_UISupportedInterfaceOrientations_iPad = "UIInterfaceOrientationPortrait UIInterfaceOrientationPortraitUpsideDown UIInterfaceOrientationLandscapeLeft UIInterfaceOrientationLandscapeRight";
				INFOPLIST_KEY_UISupportedInterfaceOrientations_iPhone = "UIInterfaceOrientationPortrait UIInterfaceOrientationLandscapeLeft UIInterfaceOrientationLandscapeRight";
				LD_RUNPATH_SEARCH_PATHS = (
					"$(inherited)",
					"@executable_path/Frameworks",
				);
				MARKETING_VERSION = 1.0;
				PRODUCT_BUNDLE_IDENTIFIER = "cl.nelsontapia.Sec19-Json-URLSession";
				PRODUCT_NAME = "$(TARGET_NAME)";
				SWIFT_EMIT_LOC_STRINGS = YES;
				SWIFT_VERSION = 5.0;
				TARGETED_DEVICE_FAMILY = "1,2";
			};
			name = Release;
		};
/* End XCBuildConfiguration section */

/* Begin XCConfigurationList section */
		68018D4B2A9FCD6600BB2BD0 /* Build configuration list for PBXProject "Sec19-Json-URLSession" */ = {
			isa = XCConfigurationList;
			buildConfigurations = (
				68018D5C2A9FCD6700BB2BD0 /* Debug */,
				68018D5D2A9FCD6700BB2BD0 /* Release */,
			);
			defaultConfigurationIsVisible = 0;
			defaultConfigurationName = Release;
		};
		68018D5E2A9FCD6700BB2BD0 /* Build configuration list for PBXNativeTarget "Sec19-Json-URLSession" */ = {
			isa = XCConfigurationList;
			buildConfigurations = (
				68018D5F2A9FCD6700BB2BD0 /* Debug */,
				68018D602A9FCD6700BB2BD0 /* Release */,
			);
			defaultConfigurationIsVisible = 0;
			defaultConfigurationName = Release;
		};
/* End XCConfigurationList section */
	};
	rootObject = 68018D482A9FCD6600BB2BD0 /* Project object */;
}
